{
  "lockfileVersion": 1,
  "configVersion": 1,
  "workspaces": {
    "": {
      "dependencies": {
        "@opencode/cli": "^2.0.24",
        "vscode-langservers-extracted": "^4.10.0",
      },
    },
  },
  "trustedDependencies": [
    "@opencode/cli",
  ],
  "packages": {
    "@opencode/cli": ["@opencode/cli@2.0.24", "", { "optionalDependencies": { "@opencode/cli-darwin-arm64": "2.0.24", "@opencode/cli-darwin-x64": "2.0.24", "@opencode/cli-darwin-x64-baseline": "2.0.24", "@opencode/cli-linux-arm64": "2.0.24", "@opencode/cli-linux-arm64-musl": "2.0.24", "@opencode/cli-linux-x64": "2.0.24", "@opencode/cli-linux-x64-baseline": "2.0.24", "@opencode/cli-linux-x64-baseline-musl": "2.0.24", "@opencode/cli-linux-x64-musl": "2.0.24", "@opencode/cli-windows-arm64": "2.0.24", "@opencode/cli-windows-x64": "2.0.24", "@opencode/cli-windows-x64-baseline": "2.0.24" }, "os": [ "linux", "win32", "darwin", ], "cpu": [ "x64", "arm64", ], "bin": { "opencode": "bin/opencode.exe", "opencode2": "bin/opencode.exe" } }, "sha512-TJ/InXgonQ7KzJ3FXVmP0PxvE/UYZ0k9rH3raTYOWHXWxKVCb0yqdGYaldZl+3875RNlPJZEzX/DSXb9uv4r2w=="],

    "@opencode/cli-darwin-arm64": ["@opencode/cli-darwin-arm64@2.0.24", "", { "os": "darwin", "cpu": "arm64" }, "sha512-KGZeXsTu7YQuijMuihwTsKM6ezLoksyqkL+RUdKBUv87XBdwDf9bv692tFaTQqcyuL++BMGEZdffy0ImLBtm3w=="],

    "@opencode/cli-darwin-x64": ["@opencode/cli-darwin-x64@2.0.24", "", { "os": "darwin", "cpu": "x64" }, "sha512-fS1994qO6N2+KSxuye3YxbQ+6zY92lUvHn6bTo12/EkTsxaoNplbZFisYXSVsmXHQEiVT4UpxItU6KygLZ9H4g=="],

    "@opencode/cli-darwin-x64-baseline": ["@opencode/cli-darwin-x64-baseline@2.0.24", "", { "os": "darwin", "cpu": "x64" }, "sha512-vCNA3+aRM4LlPl7BDEzEzsWur9OtC5Lg9ldqh7n9HUpo6Sla7G4ExCO3u6tqFUdFQIZ6/ciFLBXCowBJ1U5pJw=="],

    "@opencode/cli-linux-arm64": ["@opencode/cli-linux-arm64@2.0.24", "", { "os": "linux", "cpu": "arm64" }, "sha512-n+C1XkoIB0NaHK9CQo4gGIc9FRGDhrMdCXO8heEOvUgKsH/0ROxCr3CxUuJaKolL/5+c5u3CoiXsckL+fa52ag=="],

    "@opencode/cli-linux-arm64-musl": ["@opencode/cli-linux-arm64-musl@2.0.24", "", { "os": "linux", "cpu": "arm64" }, "sha512-DfL6bISz9udxWU5AIEocMjDLnpgtWGfx5sw7fXKpLUhBFhsjdBOkCrBYuDBFuPwJoe5VJPdF+A/OoTfe+Wi6XA=="],

    "@opencode/cli-linux-x64": ["@opencode/cli-linux-x64@2.0.24", "", { "os": "linux", "cpu": "x64" }, "sha512-WDBunGoImJOYjwUvDDfl0GJiKR/WbATnSXW1QTrK+VDp+oOUNLXo84QTUCBVUqvb8VsseWhs3uyWCD9o9c5JDA=="],

    "@opencode/cli-linux-x64-baseline": ["@opencode/cli-linux-x64-baseline@2.0.24", "", { "os": "linux", "cpu": "x64" }, "sha512-dGa99UyGYS46alr6uxgaSKKHa/CtGgTlWdse1bbhNjLomeOhdIJVJwwxVKfFQz4/NDg1SzDXbxgcIXha2QYHPg=="],

    "@opencode/cli-linux-x64-baseline-musl": ["@opencode/cli-linux-x64-baseline-musl@2.0.24", "", { "os": "linux", "cpu": "x64" }, "sha512-P5tr3bN+SzsCqGGK3GwLUy/eEhnI45Oi7mBR94RrDWYWg2VmLfkgE91a9F/0EohJXahqL0vbXIawLO6lAl2M0w=="],

    "@opencode/cli-linux-x64-musl": ["@opencode/cli-linux-x64-musl@2.0.24", "", { "os": "linux", "cpu": "x64" }, "sha512-PK2cEuioc9181iPYtwzLC4XqBjKMTjcO/5PNOvpM41mEgsyPTYfhX+IqgYcgvNEK1BPp/8oAl62xkMgBSxlupg=="],

    "@opencode/cli-windows-arm64": ["@opencode/cli-windows-arm64@2.0.24", "", { "os": "win32", "cpu": "arm64" }, "sha512-p+nOzm4heuV/KfoOcUyx6gyBRCsJ9DsDCmnBihmvyLFbqKGHrTCMSitv08denVf5PxVQZ/1mtnl5tr4XUgoEGg=="],

    "@opencode/cli-windows-x64": ["@opencode/cli-windows-x64@2.0.24", "", { "os": "win32", "cpu": "x64" }, "sha512-wOIVih65Qp27mkwl8cC6u1i3ZW+HYXChSKLRBk8IGVIoFALkIC/wuZgfhoXbUGkbAX3vLFOXX6CeQzDnKazA1Q=="],

    "@opencode/cli-windows-x64-baseline": ["@opencode/cli-windows-x64-baseline@2.0.24", "", { "os": "win32", "cpu": "x64" }, "sha512-hYjG7D7Qw5rJTXdxxaZ7ClswXipC1ku5+U08Ph1Rk9XuyzBOcXMFFha1Bd2OQWgRuWEyAHr4ZyMxadejmBcnHQ=="],

    "@vscode/l10n": ["@vscode/l10n@0.0.18", "", {}, "sha512-KYSIHVmslkaCDyw013pphY+d7x1qV8IZupYfeIfzNA+nsaWHbn5uPuQRvdRFsa9zFzGeudPuoGoZ1Op4jrJXIQ=="],

    "boolbase": ["boolbase@1.0.0", "", {}, "sha512-JZOSA7Mo9sNGB8+UjSgzdLtokWAky1zbztM3WRLCbZ70/3cTANmQmOdR7y2g+J0e2WXywy1yS468tY+IruqEww=="],

    "core-js": ["core-js@3.50.0", "", {}, "sha512-BRWgOLKkFeCgRudR6zrs8p9XJZcE14grzKMMssoYrk6krtuEZ7MTKPIY5RzOnqsEKIR9kst7wNzphttraT+Yqw=="],

    "css-select": ["css-select@5.2.2", "", { "dependencies": { "boolbase": "^1.0.0", "css-what": "^6.1.0", "domhandler": "^5.0.2", "domutils": "^3.0.1", "nth-check": "^2.0.1" } }, "sha512-TizTzUddG/xYLA3NXodFM0fSbNizXjOKhqiQQwvhlspadZokn1KDy0NZFS0wuEubIYAV5/c1/lAr0TaaFXEXzw=="],

    "css-what": ["css-what@6.2.2", "", {}, "sha512-u/O3vwbptzhMs3L1fQE82ZSLHQQfto5gyZzwteVIEyeaY5Fc7R4dapF/BvRoSYFeqfBk4m0V1Vafq5Pjv25wvA=="],

    "dom-serializer": ["dom-serializer@2.0.0", "", { "dependencies": { "domelementtype": "^2.3.0", "domhandler": "^5.0.2", "entities": "^4.2.0" } }, "sha512-wIkAryiqt/nV5EQKqQpo3SToSOV9J0DnbJqwK7Wv/Trc92zIAYZ4FlMu+JPFW1DfGFt81ZTCGgDEabffXeLyJg=="],

    "domelementtype": ["domelementtype@2.3.0", "", {}, "sha512-OLETBj6w0OsagBwdXnPdN0cnMfF9opN69co+7ZrbfPGrdpPVNBUj02spi6B1N7wChLQiPn4CSH/zJvXw56gmHw=="],

    "domhandler": ["domhandler@5.0.3", "", { "dependencies": { "domelementtype": "^2.3.0" } }, "sha512-cgwlv/1iFQiFnU96XXgROh8xTeetsnJiDsTc7TYCLFd9+/WNkIqPTxiM/8pSd8VIrhXGTf1Ny1q1hquVqDJB5w=="],

    "domutils": ["domutils@3.2.2", "", { "dependencies": { "dom-serializer": "^2.0.0", "domelementtype": "^2.3.0", "domhandler": "^5.0.3" } }, "sha512-6kZKyUajlDuqlHKVX1w7gyslj9MPIXzIFiz/rGu35uC1wMi+kMhQwGhl4lt9unC9Vb9INnY9Z3/ZA3+FhASLaw=="],

    "entities": ["entities@4.5.0", "", {}, "sha512-V0hjH4dGPh9Ao5p0MoRY6BVqtwCjhz6vI5LT8AJ55H+4g9/4vbHx1I54fS0XuclLhDHArPQCiMjDxjaL8fPxhw=="],

    "he": ["he@1.2.0", "", { "bin": { "he": "bin/he" } }, "sha512-F/1DnUGPopORZi0ni+CvrCgHQ5FyEAHRLSApuYWMmrbSwoN2Mn/7k+Gl38gJnR7yyDZk6WLXwiGod1JOWNDKGw=="],

    "jsonc-parser": ["jsonc-parser@3.3.1", "", {}, "sha512-HUgH65KyejrUFPvHFPbqOY0rsFip3Bo5wb4ngvdi1EpCYWUQDC5V+Y7mZws+DLkr4M//zQJoanu1SP+87Dv1oQ=="],

    "node-html-parser": ["node-html-parser@6.1.13", "", { "dependencies": { "css-select": "^5.1.0", "he": "1.2.0" } }, "sha512-qIsTMOY4C/dAa5Q5vsobRpOOvPfC4pB61UVW2uSwZNUp0QU/jCekTal1vMmbO0DgdHeLUJpv/ARmDqErVxA3Sg=="],

    "nth-check": ["nth-check@2.1.1", "", { "dependencies": { "boolbase": "^1.0.0" } }, "sha512-lqjrjmaOoAnWfMmBPL+XNnynZh2+swxiX3WUE0s4yEHI6m+AwrK2UZOimIRl3X/4QctVqS8AiZjFqyOGrMXb/w=="],

    "picomatch": ["picomatch@2.3.2", "", {}, "sha512-V7+vQEJ06Z+c5tSye8S+nHUfI51xoXIXjHQ99cQtKUkQqqO1kO/KCJUfZXuB47h/YBlDhah2H3hdUGXn8ie0oA=="],

    "regenerator-runtime": ["regenerator-runtime@0.13.11", "", {}, "sha512-kY1AZVr2Ra+t+piVaJ4gxaFaReZVH40AKNo7UCX6W+dEwBo/2oZJzqfuN1qLq1oL45o56cPaTXELwrTh8Fpggg=="],

    "request-light": ["request-light@0.7.0", "", {}, "sha512-lMbBMrDoxgsyO+yB3sDcrDuX85yYt7sS8BfQd11jtbW/z5ZWgLZRcEGLsLoYw7I0WSUGQBs8CC8ScIxkTX1+6Q=="],

    "semver": ["semver@7.8.5", "", { "bin": { "semver": "bin/semver.js" } }, "sha512-Y7/KDsb8LjooZpwaqGyulO6DQlksgCncchHGk+sZIY4SBvUocMBEFH5Ur1fI4dV+Jvl0w6cjvucaIi40puRioA=="],

    "typescript": ["typescript@4.9.5", "", { "bin": { "tsc": "bin/tsc", "tsserver": "bin/tsserver" } }, "sha512-1FXk9E2Hm+QzZQ7z+McJiHL4NW1F2EzMu9Nq9i3zAaGqibafqYwCVU6WyWAuyQRRzOlxou8xZSyXLEN8oKj24g=="],

    "vscode-css-languageservice": ["vscode-css-languageservice@6.3.10", "", { "dependencies": { "@vscode/l10n": "^0.0.18", "vscode-languageserver-textdocument": "^1.0.12", "vscode-languageserver-types": "3.17.5", "vscode-uri": "^3.1.0" } }, "sha512-eq5N9Er3fC4vA9zd9EFhyBG90wtCCuXgRSpAndaOgXMh1Wgep5lBgRIeDgjZBW9pa+332yC9+49cZMW8jcL3MA=="],

    "vscode-html-languageservice": ["vscode-html-languageservice@5.6.2", "", { "dependencies": { "@vscode/l10n": "^0.0.18", "vscode-languageserver-textdocument": "^1.0.12", "vscode-languageserver-types": "^3.17.5", "vscode-uri": "^3.1.0" } }, "sha512-ulCrSnFnfQ16YzvwnYUgEbUEl/ZG7u2eV27YhvLObSHKkb8fw1Z9cgsnUwjTEeDIdJDoTDTDpxuhQwoenoLNMg=="],

    "vscode-json-languageservice": ["vscode-json-languageservice@5.7.2", "", { "dependencies": { "@vscode/l10n": "^0.0.18", "jsonc-parser": "^3.3.1", "vscode-languageserver-textdocument": "^1.0.12", "vscode-languageserver-types": "^3.17.5", "vscode-uri": "^3.1.0" } }, "sha512-WtKRDtJfFEmLrgtu+ODexOHm/6/krRF0k6t+uvkKIKW1Jh9ZIyxZQwJJwB3qhrEgvAxa37zbUg+vn+UyUK/U2w=="],

    "vscode-jsonrpc": ["vscode-jsonrpc@9.0.3", "", {}, "sha512-qETYf9PCl1lVfwR+oBmMfc4vP2nqLNA35ABxorw3j06+xlKRgDVxbLgKm4Y/xPL0YWdeDjLoI4ImICIT3nB0zQ=="],

    "vscode-langservers-extracted": ["vscode-langservers-extracted@4.10.0", "", { "dependencies": { "@vscode/l10n": "^0.0.18", "core-js": "^3.20.1", "jsonc-parser": "^3.2.1", "regenerator-runtime": "^0.13.9", "request-light": "^0.7.0", "semver": "^7.6.1", "typescript": "^4.0.5", "vscode-css-languageservice": "^6.2.14", "vscode-html-languageservice": "^5.2.0", "vscode-json-languageservice": "^5.3.11", "vscode-languageserver": "^10.0.0-next.3", "vscode-languageserver-textdocument": "^1.0.11", "vscode-languageserver-types": "^3.17.5", "vscode-markdown-languageservice": "^0.5.0-alpha.6", "vscode-nls": "^5.2.0", "vscode-uri": "^3.0.8" }, "bin": { "vscode-css-language-server": "bin/vscode-css-language-server", "vscode-eslint-language-server": "bin/vscode-eslint-language-server", "vscode-html-language-server": "bin/vscode-html-language-server", "vscode-json-language-server": "bin/vscode-json-language-server", "vscode-markdown-language-server": "bin/vscode-markdown-language-server" } }, "sha512-EFf9uQI4dAKbzMQFjDvVm1xJq1DXAQvBEuEfPGrK/xzfsL5xWTfIuRr90NgfmqwO+IEt6vLZm9EOj6R66xIifg=="],

    "vscode-languageserver": ["vscode-languageserver@10.1.2", "", { "dependencies": { "vscode-languageserver-protocol": "3.18.4" }, "bin": { "installServerIntoExtension": "bin/installServerIntoExtension" } }, "sha512-pXPWde3RytdeBVEs6PulOOT5OpeXC5GkWRpcT11f5rNn41jviQsAYPyAqJ/0oVGETQLKPJtYbHNiMPlfLb0NTQ=="],

    "vscode-languageserver-protocol": ["vscode-languageserver-protocol@3.18.4", "", { "dependencies": { "vscode-jsonrpc": "9.0.3", "vscode-languageserver-types": "3.18.4" } }, "sha512-CCXbyr99dafRJzJH/0Ryk7ly5T8XPmSR0//OuF2w4m+9JiOin7zcAT5iET8GRE7Z9taFBejb3GbM0a0mbjdbrg=="],

    "vscode-languageserver-textdocument": ["vscode-languageserver-textdocument@1.0.15", "", {}, "sha512-Gsfr9S8LU3S6885cS+NaleasJ0n3V5y/SOTqHCifQiXWFw3G9w9/YItDfwHrlCz+dSZWWZ8ilYVMcJe7Sz7Sxw=="],

    "vscode-languageserver-types": ["vscode-languageserver-types@3.18.4", "", {}, "sha512-nQsacoiijvl0fRf2q28uFDrAVwRhdCa3QveiF7/CX0r18mLR5FU/1WskSsCKOjmEbtteKUnY8x8Yzxop+k0zwg=="],

    "vscode-markdown-languageservice": ["vscode-markdown-languageservice@0.5.0", "", { "dependencies": { "@vscode/l10n": "^0.0.18", "node-html-parser": "^6.1.5", "picomatch": "^2.3.1", "vscode-languageserver-protocol": "^3.17.1", "vscode-languageserver-textdocument": "^1.0.11", "vscode-uri": "^3.0.7" } }, "sha512-+DDXukKWtIHvJtj6tXeLqj8iREnylDQw4yRjY3ldv2J66/oiKRJyLLUy4YhMhfBm9Edjci6VhOSpE84AU3ZFXA=="],

    "vscode-nls": ["vscode-nls@5.2.0", "", {}, "sha512-RAaHx7B14ZU04EU31pT+rKz2/zSl7xMsfIZuo8pd+KZO6PXtQmpevpq3vxvWNcrGbdmhM/rr5Uw5Mz+NBfhVng=="],

    "vscode-uri": ["vscode-uri@3.2.0", "", {}, "sha512-m2gXo3bn0G1kT9InzMf07fTbqMbGtyckj3bH5ktLO+1Ssv+yiATZ4dhwaQv9UZWxJh6E9IFGnQyjgWVDWVBDrg=="],

    "vscode-css-languageservice/vscode-languageserver-types": ["vscode-languageserver-types@3.17.5", "", {}, "sha512-Ld1VelNuX9pdF39h2Hgaeb5hEZM2Z3jUrrMgWQAu82jMtZp7p3vJT3BzToKtZI7NgQssZje5o0zryOrhQvzQAg=="],
  }
}
